PODS:
  - KeychainSwift (20.0.0)
  - Swinject (2.7.1)

DEPENDENCIES:
  - KeychainSwift (~> 20.0)
  - Swinject (~> 2.7.1)

SPEC REPOS:
  trunk:
    - KeychainSwift
    - Swinject

SPEC CHECKSUMS:
  KeychainSwift: 0ce6a4d13f7228054d1a71bb1b500448fb2ab837
  Swinject: ddf78b8486dd9b71a667b852cad919ab4484478e

PODFILE CHECKSUM: 29622f02b4fa0ec3b82b318b5d5e840f5d285274

COCOAPODS: 1.11.3
