// !$*UTF8*$!
{
	archiveVersion = 1;
	classes = {
	};
	objectVersion = 56;
	objects = {

/* Begin PBXBuildFile section */
		01E37350136049AC35A5A9CF2B2A6C0F /* OnboardingCoordinator.swift in Sources */ = {isa = PBXBuildFile; fileRef = 1C5A005C20DFA05610350C90575F5EA3 /* OnboardingCoordinator.swift */; };
		024E508F998E6172AC0440CBA454E9AC /* EventsPage.swift in Sources */ = {isa = PBXBuildFile; fileRef = C9D951098451CAB447A17EB1450711AE /* EventsPage.swift */; };
		033F897BD5304B273917EC95E870DFC4 /* Pods_EventoTests.framework in Frameworks */ = {isa = PBXBuildFile; fileRef = 34BB5B1F22161C8FC59FA0E6C9814EB9 /* Pods_EventoTests.framework */; };
		050EAB8E41E8B1F2C7BEE05BB70E91B4 /* SceneDelegate.swift in Sources */ = {isa = PBXBuildFile; fileRef = C467DFE3617574DA1AD9C5C499C48A4E /* SceneDelegate.swift */; };
		0CB1001DE7DCA0DC18971226EAFBC2E3 /* AppDelegate.swift in Sources */ = {isa = PBXBuildFile; fileRef = A8DB9C151176FE6C57D55F894B0D899C /* AppDelegate.swift */; };
		1066FEA5B76BB10E2F3FFF86340E8C47 /* Router.swift in Sources */ = {isa = PBXBuildFile; fileRef = 0014A1CE48D06C9AD6E4F2423CF24731 /* Router.swift */; };
		185E393CC5A1F4CBC739DC9CCACCD00E /* BaseNavigationController.swift in Sources */ = {isa = PBXBuildFile; fileRef = FA2B86847E9BFAED6D3CDC006EEF39DA /* BaseNavigationController.swift */; };
		19ED0A8E8FA548238545E1B45A786E5A /* NewsPage.swift in Sources */ = {isa = PBXBuildFile; fileRef = 670C11E0DAAF30C891AEA66AF038D0D3 /* NewsPage.swift */; };
		1BF1D31960FBE4BE46BC5358CE786F30 /* BaseCoordinator.swift in Sources */ = {isa = PBXBuildFile; fileRef = CEC21BF81B2B8FD06F20D4A620305826 /* BaseCoordinator.swift */; };
		20A279D1192903056A9EC1470A788EA4 /* CustColor.swift in Sources */ = {isa = PBXBuildFile; fileRef = 1694FC663B76BCAED63C6F15BB0CE6C0 /* CustColor.swift */; };
		23CBB11DD8E17E00E0A2562E7C49853F /* Typealiases.swift in Sources */ = {isa = PBXBuildFile; fileRef = 28320F047CA0F13ECB3522CF1E51FC01 /* Typealiases.swift */; };
		25C2DBF1A5BF02A2A892A96937A968C0 /* UnderlinedTextView.swift in Sources */ = {isa = PBXBuildFile; fileRef = DA735A8E917000D4E8B54A4FB037F25B /* UnderlinedTextView.swift */; };
		2819515E08A0452E2BF17F7E4B29DCF4 /* SignInViewModel.swift in Sources */ = {isa = PBXBuildFile; fileRef = 4C111061604C981EE5F2B9605BBCFD8A /* SignInViewModel.swift */; };
		2BAEBCBF809C35FC9F100CDA9E9BF1F4 /* MainTabBarController.swift in Sources */ = {isa = PBXBuildFile; fileRef = 805B978881C4D499F22C8DBB9F9A6EBC /* MainTabBarController.swift */; };
		2D2BB89B1B4406A987A145AC0213CA58 /* Montserrat-Regular.otf in Resources */ = {isa = PBXBuildFile; fileRef = C9DF37F25063546F30C5FA0C09EC3A1E /* Montserrat-Regular.otf */; };
		2FDC3CDE507F497A5C359F5F51826A8B /* EventoUITests.swift in Sources */ = {isa = PBXBuildFile; fileRef = FB6CB45F08415F80EE5351A8C72B3006 /* EventoUITests.swift */; };
		310ED455BF5654B6060F9AF88519900D /* ArticleView.swift in Sources */ = {isa = PBXBuildFile; fileRef = E44E888471EA941D53E8444B053DD009 /* ArticleView.swift */; };
		36E85A000AB97F11BD697FF3561E312A /* Montserrat-SemiBold.otf in Resources */ = {isa = PBXBuildFile; fileRef = 396CF4A9272723C398B3AD5471D66027 /* Montserrat-SemiBold.otf */; };
		39932778270BDCEAE93F585D394CD528 /* NewsApiManager.swift in Sources */ = {isa = PBXBuildFile; fileRef = F53A74B5524DF2717EC082ECC54C6A59 /* NewsApiManager.swift */; };
		3A771B97825168E60B32E216229998F9 /* ForgotPasswordViewModel.swift in Sources */ = {isa = PBXBuildFile; fileRef = 2BA3E1DB4A6D73801C6F83F769CFE8D8 /* ForgotPasswordViewModel.swift */; };
		3AABB2DC98CBD6EA0A7F171CDDA60A5F /* CustLinearGradient.swift in Sources */ = {isa = PBXBuildFile; fileRef = 19DDEE0896F26C1829246ACBCE3FFC61 /* CustLinearGradient.swift */; };
		3B421B51AC5B288AE6B23ED0D2EA9870 /* PasswordResetPage.swift in Sources */ = {isa = PBXBuildFile; fileRef = 5F9857945BF2A075B21CAB82F33C6375 /* PasswordResetPage.swift */; };
		3D42FC58F3790ACC52246C2B49ABF570 /* ButtonView.swift in Sources */ = {isa = PBXBuildFile; fileRef = AA0636126B6366B45825B812D529672C /* ButtonView.swift */; };
		3EA5B5BE46E973493FA5237495679D25 /* AddModuleCoordinator.swift in Sources */ = {isa = PBXBuildFile; fileRef = 77075D008DBF73B19CAB44CE7057F43B /* AddModuleCoordinator.swift */; };
		424E45AF91E01FC002FADA8F7264AA76 /* Pods_Evento_EventoUITests.framework in Frameworks */ = {isa = PBXBuildFile; fileRef = 32D48663D21B128F09B3F18CD0F145D2 /* Pods_Evento_EventoUITests.framework */; };
		43C3B144CAC47677E4D4CA30A8790539 /* CustText.swift in Sources */ = {isa = PBXBuildFile; fileRef = C3212446B70D361A21416F5612B46D8D /* CustText.swift */; };
		46C9FB4F1414FEECDECB107A4E79A5B0 /* CustInjection.swift in Sources */ = {isa = PBXBuildFile; fileRef = 9C763ABAE59BFAF2F2180B5A67A561EE /* CustInjection.swift */; };
		482090C0CBFF217B69E0D6124A3CE904 /* SignInPage.swift in Sources */ = {isa = PBXBuildFile; fileRef = 9C0896D76A4534639D6C3F6FFFD2694E /* SignInPage.swift */; };
		4E8BBF1126CC252A0BE2B0A4652FEAB2 /* ChatModuleCoordinator.swift in Sources */ = {isa = PBXBuildFile; fileRef = 0310DF289B5EEF4D73211B6B476D7D83 /* ChatModuleCoordinator.swift */; };
		53B296F402B7BC7B91468950A89F1094 /* ViewController.swift in Sources */ = {isa = PBXBuildFile; fileRef = 3EE79388BE8B7987788F464CA9351B06 /* ViewController.swift */; };
		59CA8E6D9D38C77F9788AE903B45859D /* FavoritesModuleCoordinator.swift in Sources */ = {isa = PBXBuildFile; fileRef = CE6770020CF873AB27E19A5071496019 /* FavoritesModuleCoordinator.swift */; };
		5BBFA407ED708BDE0AFA4F135B686E83 /* AppCoordinator.swift in Sources */ = {isa = PBXBuildFile; fileRef = F336F3240FD4EC754C612BF69C26713B /* AppCoordinator.swift */; };
		612AEB1994ABD9E4FB61490319232435 /* RegistrationPage.swift in Sources */ = {isa = PBXBuildFile; fileRef = 33B857582F77CC317B3BBEB361974B25 /* RegistrationPage.swift */; };
		65DF252F2F376150B8DA3A58D50B139A /* MontserratFont.swift in Sources */ = {isa = PBXBuildFile; fileRef = 348DA84A5823B10F6CF52ECE57FFFD03 /* MontserratFont.swift */; };
		67D7AA9EBC55E32D9FD910466EF38A99 /* Assets.xcassets in Resources */ = {isa = PBXBuildFile; fileRef = 2A70A48F3A5A591FD4DA2CA5BD27F001 /* Assets.xcassets */; };
		71A2B3381ADD760A37D5592D2FC0C828 /* ForgotPasswordPage.swift in Sources */ = {isa = PBXBuildFile; fileRef = E787EE9DACDC600B6EDB3A79F846AC42 /* ForgotPasswordPage.swift */; };
		74C5B0B35B6FE2CABE98951E55DD8050 /* MainTabBarCoordinator.swift in Sources */ = {isa = PBXBuildFile; fileRef = 398ECC998F26CE7E340D1EC8D57DF3B3 /* MainTabBarCoordinator.swift */; };
		7769F66D079D473FF0C0B2C0F305E4B2 /* NetworkError.swift in Sources */ = {isa = PBXBuildFile; fileRef = DE5DE8C423DF4E57706C4BD6DF5BB92B /* NetworkError.swift */; };
		788A704B4975EA87E0BCD5ABF7045EDB /* HTTPMethod.swift in Sources */ = {isa = PBXBuildFile; fileRef = 7185E0BD0A747E9909D5353814F49595 /* HTTPMethod.swift */; };
		82C36C0D4BDFFE011DE55BE2F77645CC /* PasswordResetViewModel.swift in Sources */ = {isa = PBXBuildFile; fileRef = 9AE7A46DDE1AA3D9A97B0E5F52E45956 /* PasswordResetViewModel.swift */; };
		84D38FFDAFC4DEF4362C35D759946D94 /* EmailView.swift in Sources */ = {isa = PBXBuildFile; fileRef = D67AAB902CDF003B9AD207F640E400AA /* EmailView.swift */; };
		8562A858FD9168751F8526FC3AF5B6FD /* ArticlePage.swift in Sources */ = {isa = PBXBuildFile; fileRef = B75894FF1B3F3A84B590E2060C4B5D54 /* ArticlePage.swift */; };
		86F3538F6CD3F11D6C788446C7C9084B /* Main.storyboard in Resources */ = {isa = PBXBuildFile; fileRef = B07ECBC9800DA7B801234791C95703B9 /* Main.storyboard */; };
		8CEF37576F9C1C4E8B9CEEBB364BC6C8 /* URLRequest+Extensions.swift in Sources */ = {isa = PBXBuildFile; fileRef = 040E292647135B06E48E63E00BF5FEA2 /* URLRequest+Extensions.swift */; };
		8D27956DE7C31D7E8D9F4DB0680FE5A0 /* Application.swift in Sources */ = {isa = PBXBuildFile; fileRef = 05AFB8D29ADEBF183F8B446FB935F2AD /* Application.swift */; };
		935B7720184FBC425CFD25CD0DDB8711 /* SearchNewsResponseModel.swift in Sources */ = {isa = PBXBuildFile; fileRef = B06F30917DD85F9FB2CBB5A91D3015B1 /* SearchNewsResponseModel.swift */; };
		9517411725F7356E66FAD430A5C4876A /* EventsModuleCoordinator.swift in Sources */ = {isa = PBXBuildFile; fileRef = C44762810E620EC18A4249F50F57A24F /* EventsModuleCoordinator.swift */; };
		97C7B98D2EE4D65F7DB652FDC8F23225 /* NewsPageViewModel.swift in Sources */ = {isa = PBXBuildFile; fileRef = 87A8D19CC018BE2C2AF11E3D09E403BF /* NewsPageViewModel.swift */; };
		A88E0BF0664F5ED6F850A477C7C39E19 /* ProfileModuleCoordinator.swift in Sources */ = {isa = PBXBuildFile; fileRef = EDEBEE09886C4B5442B9514F896AA6FF /* ProfileModuleCoordinator.swift */; };
		ABCB3F1AB771603E69ADD954DEABDC65 /* Images.swift in Sources */ = {isa = PBXBuildFile; fileRef = 876BAC662D4264DE8CD856460E303162 /* Images.swift */; };
		B4DB0B4A889D3D57F4ED42209A4378AF /* WebService.swift in Sources */ = {isa = PBXBuildFile; fileRef = 77A5587AA8DC2C9BB4A55D2835F2BBC0 /* WebService.swift */; };
		B9995CF27D8A049BB58E351E63B1CD12 /* EndLinkText.swift in Sources */ = {isa = PBXBuildFile; fileRef = 332B7155232E088376E8B32C54A65DDF /* EndLinkText.swift */; };
		BCD14BD4441C43D2914C2D7F2325694C /* PasswordView.swift in Sources */ = {isa = PBXBuildFile; fileRef = F6423DEE11A8583EDFCF4DD115C94001 /* PasswordView.swift */; };
		BE8AAAF6B3FDD304D41CD2D26D7F183A /* Montserrat-Medium.otf in Resources */ = {isa = PBXBuildFile; fileRef = 6ED73A15A28B1BB34CF3FD2936D0050E /* Montserrat-Medium.otf */; };
		BEDFAFA31C436904FB23FD39AEA7FABF /* EventsHostingController.swift in Sources */ = {isa = PBXBuildFile; fileRef = E06D77CBCF75EEB8DD233994AFD1E4C7 /* EventsHostingController.swift */; };
		C493C12BC38D933CE9040CB515A21549 /* EventoUITestsLaunchTests.swift in Sources */ = {isa = PBXBuildFile; fileRef = 3A5D8A8B421E5AAA18F0F1B1FA3C3B81 /* EventoUITestsLaunchTests.swift */; };
		CC78BB92F62D5818D89E6FD5563776CB /* UIWindow+Extensions.swift in Sources */ = {isa = PBXBuildFile; fileRef = 7F27FEFF64B5EED65AAF5DADD191255F /* UIWindow+Extensions.swift */; };
		CDE0126A266C629554D93147210C82F9 /* TitleInputTextView.swift in Sources */ = {isa = PBXBuildFile; fileRef = 7550EBD206FDAAE8DDD95AB4385A9C7C /* TitleInputTextView.swift */; };
		D28516F9BB632DAF2F7B7892C70031EC /* BaseProviderType.swift in Sources */ = {isa = PBXBuildFile; fileRef = A0127D5164312542AA8E2D74DB60D4BB /* BaseProviderType.swift */; };
		D6F761230B7623EC740D148F8BDC5837 /* EventoTests.swift in Sources */ = {isa = PBXBuildFile; fileRef = 4460AE04A2E9FA722048AF7231BDB9F9 /* EventoTests.swift */; };
		E113301EB2BA34F243FFD8C32C754ACD /* Montserrat-Thin.otf in Resources */ = {isa = PBXBuildFile; fileRef = 2875996481865A7E43C318F181ACB569 /* Montserrat-Thin.otf */; };
		ECF97267503936938D0A4D607A3CF741 /* Pods_Evento.framework in Frameworks */ = {isa = PBXBuildFile; fileRef = 5F39093E698DB597FB2704D7A5FB9412 /* Pods_Evento.framework */; };
		EF39980131F1B0C63B3C61EF911710D3 /* PageSubtitleView.swift in Sources */ = {isa = PBXBuildFile; fileRef = 9122969469330999A166617A7F185DF5 /* PageSubtitleView.swift */; };
		F1228887AE0FB7F32950FBFB9BA09A12 /* NewsTarget.swift in Sources */ = {isa = PBXBuildFile; fileRef = 4DFAA5824D6158AD9A5DC71BE2C18EA0 /* NewsTarget.swift */; };
		F2CA3DC965CDA4BDF9C220F0EF1FE8CA /* LaunchScreen.storyboard in Resources */ = {isa = PBXBuildFile; fileRef = 009A2F8FA810F43B1D4727F18AC10D8F /* LaunchScreen.storyboard */; };
		F58BD6CB3F62DFAA8B76BBCE20A3E72C /* CustInject.swift in Sources */ = {isa = PBXBuildFile; fileRef = 8B246D21EFADC45E8CFD1AD392B8DE72 /* CustInject.swift */; };
		FAD88A7881A89A0897910D4C6695E9ED /* Montserrat-Bold.otf in Resources */ = {isa = PBXBuildFile; fileRef = A6C42F7E1CBD0F238181AE3710FC2779 /* Montserrat-Bold.otf */; };
/* End PBXBuildFile section */

/* Begin PBXContainerItemProxy section */
		44CF2AF393B3B5A3ADC72256B2F2A6E8 /* PBXContainerItemProxy */ = {
			isa = PBXContainerItemProxy;
			containerPortal = 6A717E2FD991D3973F18A2101D4D2FFE /* Project object */;
			proxyType = 1;
			remoteGlobalIDString = 4E83210C15853E5713C0919AD667D64E;
			remoteInfo = Evento;
		};
		663CE1AA19BE8A61688C9BE68BC08E09 /* PBXContainerItemProxy */ = {
			isa = PBXContainerItemProxy;
			containerPortal = 6A717E2FD991D3973F18A2101D4D2FFE /* Project object */;
			proxyType = 1;
			remoteGlobalIDString = 4E83210C15853E5713C0919AD667D64E;
			remoteInfo = Evento;
		};
/* End PBXContainerItemProxy section */

/* Begin PBXFileReference section */
		0014A1CE48D06C9AD6E4F2423CF24731 /* Router.swift */ = {isa = PBXFileReference; lastKnownFileType = sourcecode.swift; path = Router.swift; sourceTree = "<group>"; };
		0310DF289B5EEF4D73211B6B476D7D83 /* ChatModuleCoordinator.swift */ = {isa = PBXFileReference; lastKnownFileType = sourcecode.swift; path = ChatModuleCoordinator.swift; sourceTree = "<group>"; };
		040E292647135B06E48E63E00BF5FEA2 /* URLRequest+Extensions.swift */ = {isa = PBXFileReference; fileEncoding = 4; lastKnownFileType = sourcecode.swift; path = "URLRequest+Extensions.swift"; sourceTree = "<group>"; };
		05AFB8D29ADEBF183F8B446FB935F2AD /* Application.swift */ = {isa = PBXFileReference; lastKnownFileType = sourcecode.swift; path = Application.swift; sourceTree = "<group>"; };
		1694FC663B76BCAED63C6F15BB0CE6C0 /* CustColor.swift */ = {isa = PBXFileReference; lastKnownFileType = sourcecode.swift; path = CustColor.swift; sourceTree = "<group>"; };
		19DDEE0896F26C1829246ACBCE3FFC61 /* CustLinearGradient.swift */ = {isa = PBXFileReference; lastKnownFileType = sourcecode.swift; path = CustLinearGradient.swift; sourceTree = "<group>"; };
		1C5A005C20DFA05610350C90575F5EA3 /* OnboardingCoordinator.swift */ = {isa = PBXFileReference; lastKnownFileType = sourcecode.swift; path = OnboardingCoordinator.swift; sourceTree = "<group>"; };
		28320F047CA0F13ECB3522CF1E51FC01 /* Typealiases.swift */ = {isa = PBXFileReference; lastKnownFileType = sourcecode.swift; path = Typealiases.swift; sourceTree = "<group>"; };
		2875996481865A7E43C318F181ACB569 /* Montserrat-Thin.otf */ = {isa = PBXFileReference; lastKnownFileType = file; path = "Montserrat-Thin.otf"; sourceTree = "<group>"; };
		28F329E3BD46B990E40A88D9ED781E64 /* Base */ = {isa = PBXFileReference; lastKnownFileType = file.storyboard; name = Base; path = Base.lproj/LaunchScreen.storyboard; sourceTree = "<group>"; };
		2A70A48F3A5A591FD4DA2CA5BD27F001 /* Assets.xcassets */ = {isa = PBXFileReference; lastKnownFileType = folder.assetcatalog; path = Assets.xcassets; sourceTree = "<group>"; };
		2BA3E1DB4A6D73801C6F83F769CFE8D8 /* ForgotPasswordViewModel.swift */ = {isa = PBXFileReference; lastKnownFileType = sourcecode.swift; path = ForgotPasswordViewModel.swift; sourceTree = "<group>"; };
		32D48663D21B128F09B3F18CD0F145D2 /* Pods_Evento_EventoUITests.framework */ = {isa = PBXFileReference; explicitFileType = wrapper.framework; includeInIndex = 0; path = Pods_Evento_EventoUITests.framework; sourceTree = BUILT_PRODUCTS_DIR; };
		332B7155232E088376E8B32C54A65DDF /* EndLinkText.swift */ = {isa = PBXFileReference; lastKnownFileType = sourcecode.swift; path = EndLinkText.swift; sourceTree = "<group>"; };
		33B857582F77CC317B3BBEB361974B25 /* RegistrationPage.swift */ = {isa = PBXFileReference; lastKnownFileType = sourcecode.swift; path = RegistrationPage.swift; sourceTree = "<group>"; };
		348DA84A5823B10F6CF52ECE57FFFD03 /* MontserratFont.swift */ = {isa = PBXFileReference; lastKnownFileType = sourcecode.swift; path = MontserratFont.swift; sourceTree = "<group>"; };
		34BB5B1F22161C8FC59FA0E6C9814EB9 /* Pods_EventoTests.framework */ = {isa = PBXFileReference; explicitFileType = wrapper.framework; includeInIndex = 0; path = Pods_EventoTests.framework; sourceTree = BUILT_PRODUCTS_DIR; };
		396CF4A9272723C398B3AD5471D66027 /* Montserrat-SemiBold.otf */ = {isa = PBXFileReference; lastKnownFileType = file; path = "Montserrat-SemiBold.otf"; sourceTree = "<group>"; };
		398ECC998F26CE7E340D1EC8D57DF3B3 /* MainTabBarCoordinator.swift */ = {isa = PBXFileReference; lastKnownFileType = sourcecode.swift; path = MainTabBarCoordinator.swift; sourceTree = "<group>"; };
		3A5D8A8B421E5AAA18F0F1B1FA3C3B81 /* EventoUITestsLaunchTests.swift */ = {isa = PBXFileReference; lastKnownFileType = sourcecode.swift; path = EventoUITestsLaunchTests.swift; sourceTree = "<group>"; };
		3EE79388BE8B7987788F464CA9351B06 /* ViewController.swift */ = {isa = PBXFileReference; lastKnownFileType = sourcecode.swift; path = ViewController.swift; sourceTree = "<group>"; };
		40E30A83F55F1D5F3FD3D022DFCD429C /* Pods-Evento-EventoUITests.debug.xcconfig */ = {isa = PBXFileReference; includeInIndex = 1; lastKnownFileType = text.xcconfig; name = "Pods-Evento-EventoUITests.debug.xcconfig"; path = "Target Support Files/Pods-Evento-EventoUITests/Pods-Evento-EventoUITests.debug.xcconfig"; sourceTree = "<group>"; };
		4460AE04A2E9FA722048AF7231BDB9F9 /* EventoTests.swift */ = {isa = PBXFileReference; lastKnownFileType = sourcecode.swift; path = EventoTests.swift; sourceTree = "<group>"; };
		49B2BEC1DA0507091A0D18E98131C0D2 /* Base */ = {isa = PBXFileReference; lastKnownFileType = file.storyboard; name = Base; path = Base.lproj/Main.storyboard; sourceTree = "<group>"; };
		4A8168983B2EF8FAA6F8FDE86339234B /* Evento.app */ = {isa = PBXFileReference; explicitFileType = wrapper.application; includeInIndex = 0; path = Evento.app; sourceTree = BUILT_PRODUCTS_DIR; };
		4C111061604C981EE5F2B9605BBCFD8A /* SignInViewModel.swift */ = {isa = PBXFileReference; lastKnownFileType = sourcecode.swift; path = SignInViewModel.swift; sourceTree = "<group>"; };
		4DFAA5824D6158AD9A5DC71BE2C18EA0 /* NewsTarget.swift */ = {isa = PBXFileReference; fileEncoding = 4; lastKnownFileType = sourcecode.swift; path = NewsTarget.swift; sourceTree = "<group>"; };
		5F39093E698DB597FB2704D7A5FB9412 /* Pods_Evento.framework */ = {isa = PBXFileReference; explicitFileType = wrapper.framework; includeInIndex = 0; path = Pods_Evento.framework; sourceTree = BUILT_PRODUCTS_DIR; };
		5F9857945BF2A075B21CAB82F33C6375 /* PasswordResetPage.swift */ = {isa = PBXFileReference; lastKnownFileType = sourcecode.swift; path = PasswordResetPage.swift; sourceTree = "<group>"; };
		670C11E0DAAF30C891AEA66AF038D0D3 /* NewsPage.swift */ = {isa = PBXFileReference; fileEncoding = 4; lastKnownFileType = sourcecode.swift; path = NewsPage.swift; sourceTree = "<group>"; };
		6ED73A15A28B1BB34CF3FD2936D0050E /* Montserrat-Medium.otf */ = {isa = PBXFileReference; lastKnownFileType = file; path = "Montserrat-Medium.otf"; sourceTree = "<group>"; };
		7185E0BD0A747E9909D5353814F49595 /* HTTPMethod.swift */ = {isa = PBXFileReference; fileEncoding = 4; lastKnownFileType = sourcecode.swift; path = HTTPMethod.swift; sourceTree = "<group>"; };
		7550EBD206FDAAE8DDD95AB4385A9C7C /* TitleInputTextView.swift */ = {isa = PBXFileReference; lastKnownFileType = sourcecode.swift; path = TitleInputTextView.swift; sourceTree = "<group>"; };
		77075D008DBF73B19CAB44CE7057F43B /* AddModuleCoordinator.swift */ = {isa = PBXFileReference; lastKnownFileType = sourcecode.swift; path = AddModuleCoordinator.swift; sourceTree = "<group>"; };
		77A5587AA8DC2C9BB4A55D2835F2BBC0 /* WebService.swift */ = {isa = PBXFileReference; fileEncoding = 4; lastKnownFileType = sourcecode.swift; path = WebService.swift; sourceTree = "<group>"; };
		7F27FEFF64B5EED65AAF5DADD191255F /* UIWindow+Extensions.swift */ = {isa = PBXFileReference; lastKnownFileType = sourcecode.swift; path = "UIWindow+Extensions.swift"; sourceTree = "<group>"; };
		805B978881C4D499F22C8DBB9F9A6EBC /* MainTabBarController.swift */ = {isa = PBXFileReference; lastKnownFileType = sourcecode.swift; path = MainTabBarController.swift; sourceTree = "<group>"; };
		834EBEB5AABF1E03B1E8D5C14E3B44CE /* EventoTests.xctest */ = {isa = PBXFileReference; explicitFileType = wrapper.cfbundle; includeInIndex = 0; path = EventoTests.xctest; sourceTree = BUILT_PRODUCTS_DIR; };
		876BAC662D4264DE8CD856460E303162 /* Images.swift */ = {isa = PBXFileReference; lastKnownFileType = sourcecode.swift; path = Images.swift; sourceTree = "<group>"; };
		87A8D19CC018BE2C2AF11E3D09E403BF /* NewsPageViewModel.swift */ = {isa = PBXFileReference; fileEncoding = 4; lastKnownFileType = sourcecode.swift; path = NewsPageViewModel.swift; sourceTree = "<group>"; };
		8B246D21EFADC45E8CFD1AD392B8DE72 /* CustInject.swift */ = {isa = PBXFileReference; lastKnownFileType = sourcecode.swift; path = CustInject.swift; sourceTree = "<group>"; };
		9122969469330999A166617A7F185DF5 /* PageSubtitleView.swift */ = {isa = PBXFileReference; lastKnownFileType = sourcecode.swift; path = PageSubtitleView.swift; sourceTree = "<group>"; };
		98FD8B31C5BE8E2AD3745296704D4F44 /* EventoUITests.xctest */ = {isa = PBXFileReference; explicitFileType = wrapper.cfbundle; includeInIndex = 0; path = EventoUITests.xctest; sourceTree = BUILT_PRODUCTS_DIR; };
		9AE7A46DDE1AA3D9A97B0E5F52E45956 /* PasswordResetViewModel.swift */ = {isa = PBXFileReference; lastKnownFileType = sourcecode.swift; path = PasswordResetViewModel.swift; sourceTree = "<group>"; };
		9C0896D76A4534639D6C3F6FFFD2694E /* SignInPage.swift */ = {isa = PBXFileReference; lastKnownFileType = sourcecode.swift; path = SignInPage.swift; sourceTree = "<group>"; };
		9C763ABAE59BFAF2F2180B5A67A561EE /* CustInjection.swift */ = {isa = PBXFileReference; lastKnownFileType = sourcecode.swift; path = CustInjection.swift; sourceTree = "<group>"; };
		9D2930EAC1670472BC160019ADE9581F /* Pods-EventoTests.debug.xcconfig */ = {isa = PBXFileReference; includeInIndex = 1; lastKnownFileType = text.xcconfig; name = "Pods-EventoTests.debug.xcconfig"; path = "Target Support Files/Pods-EventoTests/Pods-EventoTests.debug.xcconfig"; sourceTree = "<group>"; };
		A0127D5164312542AA8E2D74DB60D4BB /* BaseProviderType.swift */ = {isa = PBXFileReference; fileEncoding = 4; lastKnownFileType = sourcecode.swift; path = BaseProviderType.swift; sourceTree = "<group>"; };
		A6C42F7E1CBD0F238181AE3710FC2779 /* Montserrat-Bold.otf */ = {isa = PBXFileReference; lastKnownFileType = file; path = "Montserrat-Bold.otf"; sourceTree = "<group>"; };
		A8DB9C151176FE6C57D55F894B0D899C /* AppDelegate.swift */ = {isa = PBXFileReference; lastKnownFileType = sourcecode.swift; path = AppDelegate.swift; sourceTree = "<group>"; };
		AA0636126B6366B45825B812D529672C /* ButtonView.swift */ = {isa = PBXFileReference; lastKnownFileType = sourcecode.swift; path = ButtonView.swift; sourceTree = "<group>"; };
		B06F30917DD85F9FB2CBB5A91D3015B1 /* SearchNewsResponseModel.swift */ = {isa = PBXFileReference; fileEncoding = 4; lastKnownFileType = sourcecode.swift; path = SearchNewsResponseModel.swift; sourceTree = "<group>"; };
		B3AC05A450A79A72EB1704703D827397 /* Pods-Evento.release.xcconfig */ = {isa = PBXFileReference; includeInIndex = 1; lastKnownFileType = text.xcconfig; name = "Pods-Evento.release.xcconfig"; path = "Target Support Files/Pods-Evento/Pods-Evento.release.xcconfig"; sourceTree = "<group>"; };
		B75894FF1B3F3A84B590E2060C4B5D54 /* ArticlePage.swift */ = {isa = PBXFileReference; lastKnownFileType = sourcecode.swift; path = ArticlePage.swift; sourceTree = "<group>"; };
		C3212446B70D361A21416F5612B46D8D /* CustText.swift */ = {isa = PBXFileReference; lastKnownFileType = sourcecode.swift; path = CustText.swift; sourceTree = "<group>"; };
		C44762810E620EC18A4249F50F57A24F /* EventsModuleCoordinator.swift */ = {isa = PBXFileReference; lastKnownFileType = sourcecode.swift; path = EventsModuleCoordinator.swift; sourceTree = "<group>"; };
		C467DFE3617574DA1AD9C5C499C48A4E /* SceneDelegate.swift */ = {isa = PBXFileReference; lastKnownFileType = sourcecode.swift; path = SceneDelegate.swift; sourceTree = "<group>"; };
		C9D951098451CAB447A17EB1450711AE /* EventsPage.swift */ = {isa = PBXFileReference; lastKnownFileType = sourcecode.swift; path = EventsPage.swift; sourceTree = "<group>"; };
		C9DF37F25063546F30C5FA0C09EC3A1E /* Montserrat-Regular.otf */ = {isa = PBXFileReference; lastKnownFileType = file; path = "Montserrat-Regular.otf"; sourceTree = "<group>"; };
		CE6770020CF873AB27E19A5071496019 /* FavoritesModuleCoordinator.swift */ = {isa = PBXFileReference; lastKnownFileType = sourcecode.swift; path = FavoritesModuleCoordinator.swift; sourceTree = "<group>"; };
		CEC21BF81B2B8FD06F20D4A620305826 /* BaseCoordinator.swift */ = {isa = PBXFileReference; lastKnownFileType = sourcecode.swift; path = BaseCoordinator.swift; sourceTree = "<group>"; };
		D67AAB902CDF003B9AD207F640E400AA /* EmailView.swift */ = {isa = PBXFileReference; lastKnownFileType = sourcecode.swift; path = EmailView.swift; sourceTree = "<group>"; };
		D89590D02EBA49301B8200A429D18BF9 /* Info.plist */ = {isa = PBXFileReference; lastKnownFileType = text.plist.xml; path = Info.plist; sourceTree = "<group>"; };
		DA735A8E917000D4E8B54A4FB037F25B /* UnderlinedTextView.swift */ = {isa = PBXFileReference; lastKnownFileType = sourcecode.swift; path = UnderlinedTextView.swift; sourceTree = "<group>"; };
		DE5DE8C423DF4E57706C4BD6DF5BB92B /* NetworkError.swift */ = {isa = PBXFileReference; fileEncoding = 4; lastKnownFileType = sourcecode.swift; path = NetworkError.swift; sourceTree = "<group>"; };
		E06D77CBCF75EEB8DD233994AFD1E4C7 /* EventsHostingController.swift */ = {isa = PBXFileReference; lastKnownFileType = sourcecode.swift; path = EventsHostingController.swift; sourceTree = "<group>"; };
		E0E4A7F99CC82425CF4BA9E7DE6E2AB3 /* Pods-EventoTests.release.xcconfig */ = {isa = PBXFileReference; includeInIndex = 1; lastKnownFileType = text.xcconfig; name = "Pods-EventoTests.release.xcconfig"; path = "Target Support Files/Pods-EventoTests/Pods-EventoTests.release.xcconfig"; sourceTree = "<group>"; };
		E44E888471EA941D53E8444B053DD009 /* ArticleView.swift */ = {isa = PBXFileReference; lastKnownFileType = sourcecode.swift; path = ArticleView.swift; sourceTree = "<group>"; };
		E787EE9DACDC600B6EDB3A79F846AC42 /* ForgotPasswordPage.swift */ = {isa = PBXFileReference; lastKnownFileType = sourcecode.swift; path = ForgotPasswordPage.swift; sourceTree = "<group>"; };
		EDEBEE09886C4B5442B9514F896AA6FF /* ProfileModuleCoordinator.swift */ = {isa = PBXFileReference; lastKnownFileType = sourcecode.swift; path = ProfileModuleCoordinator.swift; sourceTree = "<group>"; };
		F336F3240FD4EC754C612BF69C26713B /* AppCoordinator.swift */ = {isa = PBXFileReference; lastKnownFileType = sourcecode.swift; path = AppCoordinator.swift; sourceTree = "<group>"; };
		F53A74B5524DF2717EC082ECC54C6A59 /* NewsApiManager.swift */ = {isa = PBXFileReference; fileEncoding = 4; lastKnownFileType = sourcecode.swift; path = NewsApiManager.swift; sourceTree = "<group>"; };
		F6423DEE11A8583EDFCF4DD115C94001 /* PasswordView.swift */ = {isa = PBXFileReference; lastKnownFileType = sourcecode.swift; path = PasswordView.swift; sourceTree = "<group>"; };
		FA2B86847E9BFAED6D3CDC006EEF39DA /* BaseNavigationController.swift */ = {isa = PBXFileReference; lastKnownFileType = sourcecode.swift; path = BaseNavigationController.swift; sourceTree = "<group>"; };
		FB6CB45F08415F80EE5351A8C72B3006 /* EventoUITests.swift */ = {isa = PBXFileReference; lastKnownFileType = sourcecode.swift; path = EventoUITests.swift; sourceTree = "<group>"; };
		FBEEEFFE413688EC2AE98FF94841ED07 /* Pods-Evento.debug.xcconfig */ = {isa = PBXFileReference; includeInIndex = 1; lastKnownFileType = text.xcconfig; name = "Pods-Evento.debug.xcconfig"; path = "Target Support Files/Pods-Evento/Pods-Evento.debug.xcconfig"; sourceTree = "<group>"; };
		FC2DD77D5604967609661A64CEB76878 /* Pods-Evento-EventoUITests.release.xcconfig */ = {isa = PBXFileReference; includeInIndex = 1; lastKnownFileType = text.xcconfig; name = "Pods-Evento-EventoUITests.release.xcconfig"; path = "Target Support Files/Pods-Evento-EventoUITests/Pods-Evento-EventoUITests.release.xcconfig"; sourceTree = "<group>"; };
/* End PBXFileReference section */

/* Begin PBXFrameworksBuildPhase section */
		42979B8974D6D65D57471999B8E798DC /* Frameworks */ = {
			isa = PBXFrameworksBuildPhase;
			buildActionMask = 2147483647;
			files = (
				424E45AF91E01FC002FADA8F7264AA76 /* Pods_Evento_EventoUITests.framework in Frameworks */,
			);
			runOnlyForDeploymentPostprocessing = 0;
		};
		61D4F9419732F7A4D394489B1B369399 /* Frameworks */ = {
			isa = PBXFrameworksBuildPhase;
			buildActionMask = 2147483647;
			files = (
				ECF97267503936938D0A4D607A3CF741 /* Pods_Evento.framework in Frameworks */,
			);
			runOnlyForDeploymentPostprocessing = 0;
		};
		85C351D25D40FCCE5F1483BDE53C5FA4 /* Frameworks */ = {
			isa = PBXFrameworksBuildPhase;
			buildActionMask = 2147483647;
			files = (
				033F897BD5304B273917EC95E870DFC4 /* Pods_EventoTests.framework in Frameworks */,
			);
			runOnlyForDeploymentPostprocessing = 0;
		};
/* End PBXFrameworksBuildPhase section */

/* Begin PBXGroup section */
		001432002F94A81B58CD24B3473CD50B /* EventoTests */ = {
			isa = PBXGroup;
			children = (
				4460AE04A2E9FA722048AF7231BDB9F9 /* EventoTests.swift */,
			);
			path = EventoTests;
			sourceTree = "<group>";
		};
		09E00660356A9B75FC6401697CC91276 /* Evento */ = {
			isa = PBXGroup;
			children = (
				28F4D0957D825F9639CC9A9856313CD2 /* Application */,
				60E77C4BDEE9A2E745B313C790857A09 /* Common */,
				BF33D0D989384F27DE50DE159C49D120 /* NetworkLayer */,
				DFA16A40AB8B67DA2F63E5F6B793E792 /* PresentationLayer */,
				9BB3AF1C5D9D76907E8D85A4FCE09AB3 /* Resources */,
				A8DB9C151176FE6C57D55F894B0D899C /* AppDelegate.swift */,
				D89590D02EBA49301B8200A429D18BF9 /* Info.plist */,
				009A2F8FA810F43B1D4727F18AC10D8F /* LaunchScreen.storyboard */,
				B07ECBC9800DA7B801234791C95703B9 /* Main.storyboard */,
				C467DFE3617574DA1AD9C5C499C48A4E /* SceneDelegate.swift */,
				3EE79388BE8B7987788F464CA9351B06 /* ViewController.swift */,
			);
			path = Evento;
			sourceTree = "<group>";
		};
		EBD07E85B5D65195907F662D8671AAB7 /* Pods */ = {
			isa = PBXGroup;
			children = (
				40E30A83F55F1D5F3FD3D022DFCD429C /* Pods-Evento-EventoUITests.debug.xcconfig */,
				FC2DD77D5604967609661A64CEB76878 /* Pods-Evento-EventoUITests.release.xcconfig */,
				FBEEEFFE413688EC2AE98FF94841ED07 /* Pods-Evento.debug.xcconfig */,
				B3AC05A450A79A72EB1704703D827397 /* Pods-Evento.release.xcconfig */,
				9D2930EAC1670472BC160019ADE9581F /* Pods-EventoTests.debug.xcconfig */,
				E0E4A7F99CC82425CF4BA9E7DE6E2AB3 /* Pods-EventoTests.release.xcconfig */,
			);
			path = Pods;
			sourceTree = "<group>";
		};
		1FC329E822C54849387D0D0A4F007401 /* Targets */ = {
			isa = PBXGroup;
			children = (
				4DFAA5824D6158AD9A5DC71BE2C18EA0 /* NewsTarget.swift */,
			);
			path = Targets;
			sourceTree = "<group>";
		};
		250348B5B230FC4942D98D18C9032169 /* Products */ = {
			isa = PBXGroup;
			children = (
				4A8168983B2EF8FAA6F8FDE86339234B /* Evento.app */,
				834EBEB5AABF1E03B1E8D5C14E3B44CE /* EventoTests.xctest */,
				98FD8B31C5BE8E2AD3745296704D4F44 /* EventoUITests.xctest */,
			);
			name = Products;
			sourceTree = "<group>";
		};
		367CA338F9A82BA73977E8C3DAABBB9F /* Modules */ = {
			isa = PBXGroup;
			children = (
				0CBBAFF41B68A5A25974C81871F5E8F7 /* Add */,
				7C7AC6D2458F537FD2A51F974C3465D8 /* Chat */,
				F8C479039D99D5593A611AD4AEEDE1DD /* Events */,
				FC02EFCC0BF0EC471D81DCC49245A411 /* Favorites */,
				BA314856C1B34223D19F979BD5AACE41 /* MainTab */,
				2D9323E7B7FDD2D2E04F7379E3E78172 /* Onboarding */,
				BB95A7D89608012A2C97D10512E10A44 /* Profile */,
			);
			path = Modules;
			sourceTree = "<group>";
		};
		2D9323E7B7FDD2D2E04F7379E3E78172 /* Onboarding */ = {
			isa = PBXGroup;
			children = (
				6B40EC2C425CD909B1AC625008599E4F /* ForgotPasswordPage */,
				DF3954B627F76263D8B52373845EAD14 /* PasswordResetPage */,
				CBF7775076D0E4E8D6CBB832B0B13498 /* RegistrationPage */,
				C064960F84ECF2856DB0C23A44549E2F /* SignInPage */,
				1C5A005C20DFA05610350C90575F5EA3 /* OnboardingCoordinator.swift */,
			);
			path = Onboarding;
			sourceTree = "<group>";
		};
		BA314856C1B34223D19F979BD5AACE41 /* MainTab */ = {
			isa = PBXGroup;
			children = (
				805B978881C4D499F22C8DBB9F9A6EBC /* MainTabBarController.swift */,
				398ECC998F26CE7E340D1EC8D57DF3B3 /* MainTabBarCoordinator.swift */,
			);
			path = MainTab;
			sourceTree = "<group>";
		};
		F8C479039D99D5593A611AD4AEEDE1DD /* Events */ = {
			isa = PBXGroup;
			children = (
				718C113073D34B938929C3BC6B3C0624 /* EventsPage */,
				C44762810E620EC18A4249F50F57A24F /* EventsModuleCoordinator.swift */,
			);
			path = Events;
			sourceTree = "<group>";
		};
		FC02EFCC0BF0EC471D81DCC49245A411 /* Favorites */ = {
			isa = PBXGroup;
			children = (
				CE6770020CF873AB27E19A5071496019 /* FavoritesModuleCoordinator.swift */,
			);
			path = Favorites;
			sourceTree = "<group>";
		};
		0CBBAFF41B68A5A25974C81871F5E8F7 /* Add */ = {
			isa = PBXGroup;
			children = (
				77075D008DBF73B19CAB44CE7057F43B /* AddModuleCoordinator.swift */,
			);
			path = Add;
			sourceTree = "<group>";
		};
		BB95A7D89608012A2C97D10512E10A44 /* Profile */ = {
			isa = PBXGroup;
			children = (
				EDEBEE09886C4B5442B9514F896AA6FF /* ProfileModuleCoordinator.swift */,
			);
			path = Profile;
			sourceTree = "<group>";
		};
		7C7AC6D2458F537FD2A51F974C3465D8 /* Chat */ = {
			isa = PBXGroup;
			children = (
				0310DF289B5EEF4D73211B6B476D7D83 /* ChatModuleCoordinator.swift */,
			);
			path = Chat;
			sourceTree = "<group>";
		};
		718C113073D34B938929C3BC6B3C0624 /* EventsPage */ = {
			isa = PBXGroup;
			children = (
				5E54F8214639F84F3CADF0C7F38AF6F6 /* Page */,
				8EC813677EA12897F42EE66BC2AF91B9 /* ViewModel */,
			);
			path = EventsPage;
			sourceTree = "<group>";
		};
		5E54F8214639F84F3CADF0C7F38AF6F6 /* Page */ = {
			isa = PBXGroup;
			children = (
				E06D77CBCF75EEB8DD233994AFD1E4C7 /* EventsHostingController.swift */,
				C9D951098451CAB447A17EB1450711AE /* EventsPage.swift */,
			);
			path = Page;
			sourceTree = "<group>";
		};
		8EC813677EA12897F42EE66BC2AF91B9 /* ViewModel */ = {
			isa = PBXGroup;
			children = (
			);
			path = ViewModel;
			sourceTree = "<group>";
		};
		5E9124A859B431C50030E0B62C444E28 /* DependencyInjection */ = {
			isa = PBXGroup;
			children = (
				8B246D21EFADC45E8CFD1AD392B8DE72 /* CustInject.swift */,
				9C763ABAE59BFAF2F2180B5A67A561EE /* CustInjection.swift */,
			);
			path = DependencyInjection;
			sourceTree = "<group>";
		};
		28F4D0957D825F9639CC9A9856313CD2 /* Application */ = {
			isa = PBXGroup;
			children = (
				05AFB8D29ADEBF183F8B446FB935F2AD /* Application.swift */,
			);
			path = Application;
			sourceTree = "<group>";
		};
		A3DCF47192BE285652DDCC8CE1AE11D9 /* Frameworks */ = {
			isa = PBXGroup;
			children = (
				5F39093E698DB597FB2704D7A5FB9412 /* Pods_Evento.framework */,
				34BB5B1F22161C8FC59FA0E6C9814EB9 /* Pods_EventoTests.framework */,
				32D48663D21B128F09B3F18CD0F145D2 /* Pods_Evento_EventoUITests.framework */,
			);
			name = Frameworks;
			sourceTree = "<group>";
		};
		08CE8D25897B3460B3413F568A576B5B /* Page */ = {
			isa = PBXGroup;
			children = (
				E787EE9DACDC600B6EDB3A79F846AC42 /* ForgotPasswordPage.swift */,
			);
			path = Page;
			sourceTree = "<group>";
		};
		C01335D15D1E805C23ED3722A0EC23D9 /* ViewModel */ = {
			isa = PBXGroup;
			children = (
				2BA3E1DB4A6D73801C6F83F769CFE8D8 /* ForgotPasswordViewModel.swift */,
			);
			path = ViewModel;
			sourceTree = "<group>";
		};
		578F431665F80543279FE0CBA509ABC6 /* ApiManagers */ = {
			isa = PBXGroup;
			children = (
				F53A74B5524DF2717EC082ECC54C6A59 /* NewsApiManager.swift */,
			);
			path = ApiManagers;
			sourceTree = "<group>";
		};
		50B01632BB41D8FCE4E29F169A274CC7 /* Page */ = {
			isa = PBXGroup;
			children = (
				5F9857945BF2A075B21CAB82F33C6375 /* PasswordResetPage.swift */,
			);
			path = Page;
			sourceTree = "<group>";
		};
		60E77C4BDEE9A2E745B313C790857A09 /* Common */ = {
			isa = PBXGroup;
			children = (
				5E9124A859B431C50030E0B62C444E28 /* DependencyInjection */,
				EEA15C787CEC123EAD9F5518B3487189 /* Extensions */,
				DFB61BCFD6C054BE424DC92E550A1AB8 /* UI */,
				28320F047CA0F13ECB3522CF1E51FC01 /* Typealiases.swift */,
			);
			path = Common;
			sourceTree = "<group>";
		};
		86A75786E792722DD6DEA34474F0B093 /* ViewModel */ = {
			isa = PBXGroup;
			children = (
				4C111061604C981EE5F2B9605BBCFD8A /* SignInViewModel.swift */,
			);
			path = ViewModel;
			sourceTree = "<group>";
		};
		EC5C3EEB10CA2D7ED2E188EAB3068EE3 /* ViewModel */ = {
			isa = PBXGroup;
			children = (
				9AE7A46DDE1AA3D9A97B0E5F52E45956 /* PasswordResetViewModel.swift */,
			);
			path = ViewModel;
			sourceTree = "<group>";
		};
		7E9D4D35E882D5A5D38310112E3D4A02 /* Fonts */ = {
			isa = PBXGroup;
			children = (
				A6C42F7E1CBD0F238181AE3710FC2779 /* Montserrat-Bold.otf */,
				6ED73A15A28B1BB34CF3FD2936D0050E /* Montserrat-Medium.otf */,
				C9DF37F25063546F30C5FA0C09EC3A1E /* Montserrat-Regular.otf */,
				396CF4A9272723C398B3AD5471D66027 /* Montserrat-SemiBold.otf */,
				2875996481865A7E43C318F181ACB569 /* Montserrat-Thin.otf */,
			);
			path = Fonts;
			sourceTree = "<group>";
		};
		835A9C010E53777540428CCB90CB529D /* View */ = {
			isa = PBXGroup;
			children = (
				E44E888471EA941D53E8444B053DD009 /* ArticleView.swift */,
			);
			path = View;
			sourceTree = "<group>";
		};
		969194606DD4906713F500D84FF82921 /* Page */ = {
			isa = PBXGroup;
			children = (
				33B857582F77CC317B3BBEB361974B25 /* RegistrationPage.swift */,
			);
			path = Page;
			sourceTree = "<group>";
		};
		8C9DD58085939CCFDE4DA79E879C74D6 /* EventoUITests */ = {
			isa = PBXGroup;
			children = (
				FB6CB45F08415F80EE5351A8C72B3006 /* EventoUITests.swift */,
				3A5D8A8B421E5AAA18F0F1B1FA3C3B81 /* EventoUITestsLaunchTests.swift */,
			);
			path = EventoUITests;
			sourceTree = "<group>";
		};
		9C55D7134C13C89792E8B722200CD895 /* View */ = {
			isa = PBXGroup;
			children = (
				D67AAB902CDF003B9AD207F640E400AA /* EmailView.swift */,
				332B7155232E088376E8B32C54A65DDF /* EndLinkText.swift */,
				F6423DEE11A8583EDFCF4DD115C94001 /* PasswordView.swift */,
				7550EBD206FDAAE8DDD95AB4385A9C7C /* TitleInputTextView.swift */,
			);
			path = View;
			sourceTree = "<group>";
		};
		94886F313C001C1A544C62EDA8AC54E0 /* NewsPage */ = {
			isa = PBXGroup;
			children = (
				A9875F107E40F422FC49F01EADEBB265 /* Page */,
				835A9C010E53777540428CCB90CB529D /* View */,
				B2860240A0A319526A8BBAEB68A064D7 /* ViewModel */,
			);
			path = NewsPage;
			sourceTree = "<group>";
		};
		DF3954B627F76263D8B52373845EAD14 /* PasswordResetPage */ = {
			isa = PBXGroup;
			children = (
				50B01632BB41D8FCE4E29F169A274CC7 /* Page */,
				EC5C3EEB10CA2D7ED2E188EAB3068EE3 /* ViewModel */,
			);
			path = PasswordResetPage;
			sourceTree = "<group>";
		};
		9BB3AF1C5D9D76907E8D85A4FCE09AB3 /* Resources */ = {
			isa = PBXGroup;
			children = (
				7E9D4D35E882D5A5D38310112E3D4A02 /* Fonts */,
				2A70A48F3A5A591FD4DA2CA5BD27F001 /* Assets.xcassets */,
			);
			path = Resources;
			sourceTree = "<group>";
		};
		A9875F107E40F422FC49F01EADEBB265 /* Page */ = {
			isa = PBXGroup;
			children = (
				670C11E0DAAF30C891AEA66AF038D0D3 /* NewsPage.swift */,
			);
			path = Page;
			sourceTree = "<group>";
		};
		B2860240A0A319526A8BBAEB68A064D7 /* ViewModel */ = {
			isa = PBXGroup;
			children = (
				87A8D19CC018BE2C2AF11E3D09E403BF /* NewsPageViewModel.swift */,
			);
			path = ViewModel;
			sourceTree = "<group>";
		};
		B2D6078C1D661AB0E8069EE09EA5234D /* Common */ = {
			isa = PBXGroup;
			children = (
				A0127D5164312542AA8E2D74DB60D4BB /* BaseProviderType.swift */,
				7185E0BD0A747E9909D5353814F49595 /* HTTPMethod.swift */,
				DE5DE8C423DF4E57706C4BD6DF5BB92B /* NetworkError.swift */,
				77A5587AA8DC2C9BB4A55D2835F2BBC0 /* WebService.swift */,
			);
			path = Common;
			sourceTree = "<group>";
		};
		C064960F84ECF2856DB0C23A44549E2F /* SignInPage */ = {
			isa = PBXGroup;
			children = (
				7ADCA7DE9CEF259A14158ACB5FFA55AB /* Page */,
				9C55D7134C13C89792E8B722200CD895 /* View */,
				86A75786E792722DD6DEA34474F0B093 /* ViewModel */,
			);
			path = SignInPage;
			sourceTree = "<group>";
		};
		BF33D0D989384F27DE50DE159C49D120 /* NetworkLayer */ = {
			isa = PBXGroup;
			children = (
				578F431665F80543279FE0CBA509ABC6 /* ApiManagers */,
				B2D6078C1D661AB0E8069EE09EA5234D /* Common */,
				EFADCAB735CB90D300085D8D4C757480 /* DataModels */,
				1FC329E822C54849387D0D0A4F007401 /* Targets */,
			);
			path = NetworkLayer;
			sourceTree = "<group>";
		};
		CCA50540956F4C4B814052935D566E2C /* News */ = {
			isa = PBXGroup;
			children = (
				B06F30917DD85F9FB2CBB5A91D3015B1 /* SearchNewsResponseModel.swift */,
			);
			path = News;
			sourceTree = "<group>";
		};
		D5CA8E1720964230F5F948C68D19CE8F = {
			isa = PBXGroup;
			children = (
				09E00660356A9B75FC6401697CC91276 /* Evento */,
				001432002F94A81B58CD24B3473CD50B /* EventoTests */,
				8C9DD58085939CCFDE4DA79E879C74D6 /* EventoUITests */,
				A3DCF47192BE285652DDCC8CE1AE11D9 /* Frameworks */,
				EBD07E85B5D65195907F662D8671AAB7 /* Pods */,
				250348B5B230FC4942D98D18C9032169 /* Products */,
			);
			sourceTree = "<group>";
		};
		7ADCA7DE9CEF259A14158ACB5FFA55AB /* Page */ = {
			isa = PBXGroup;
			children = (
				9C0896D76A4534639D6C3F6FFFD2694E /* SignInPage.swift */,
			);
			path = Page;
			sourceTree = "<group>";
		};
		DA493AADD6C1959E4A53180ECDC8B04C /* ArticlePage */ = {
			isa = PBXGroup;
			children = (
				B75894FF1B3F3A84B590E2060C4B5D54 /* ArticlePage.swift */,
			);
			path = ArticlePage;
			sourceTree = "<group>";
		};
		DFA16A40AB8B67DA2F63E5F6B793E792 /* PresentationLayer */ = {
			isa = PBXGroup;
			children = (
				DA493AADD6C1959E4A53180ECDC8B04C /* ArticlePage */,
				E967FC27A517B0367102B91B4F2F2EC3 /* Coordinator */,
				367CA338F9A82BA73977E8C3DAABBB9F /* Modules */,
				94886F313C001C1A544C62EDA8AC54E0 /* NewsPage */,
			);
			path = PresentationLayer;
			sourceTree = "<group>";
		};
		DFB61BCFD6C054BE424DC92E550A1AB8 /* UI */ = {
			isa = PBXGroup;
			children = (
				AA0636126B6366B45825B812D529672C /* ButtonView.swift */,
				1694FC663B76BCAED63C6F15BB0CE6C0 /* CustColor.swift */,
				19DDEE0896F26C1829246ACBCE3FFC61 /* CustLinearGradient.swift */,
				C3212446B70D361A21416F5612B46D8D /* CustText.swift */,
				876BAC662D4264DE8CD856460E303162 /* Images.swift */,
				348DA84A5823B10F6CF52ECE57FFFD03 /* MontserratFont.swift */,
				9122969469330999A166617A7F185DF5 /* PageSubtitleView.swift */,
				DA735A8E917000D4E8B54A4FB037F25B /* UnderlinedTextView.swift */,
			);
			path = UI;
			sourceTree = "<group>";
		};
		CBF7775076D0E4E8D6CBB832B0B13498 /* RegistrationPage */ = {
			isa = PBXGroup;
			children = (
				969194606DD4906713F500D84FF82921 /* Page */,
			);
			path = RegistrationPage;
			sourceTree = "<group>";
		};
		E967FC27A517B0367102B91B4F2F2EC3 /* Coordinator */ = {
			isa = PBXGroup;
			children = (
				F336F3240FD4EC754C612BF69C26713B /* AppCoordinator.swift */,
				CEC21BF81B2B8FD06F20D4A620305826 /* BaseCoordinator.swift */,
				FA2B86847E9BFAED6D3CDC006EEF39DA /* BaseNavigationController.swift */,
				0014A1CE48D06C9AD6E4F2423CF24731 /* Router.swift */,
			);
			path = Coordinator;
			sourceTree = "<group>";
		};
		EEA15C787CEC123EAD9F5518B3487189 /* Extensions */ = {
			isa = PBXGroup;
			children = (
				7F27FEFF64B5EED65AAF5DADD191255F /* UIWindow+Extensions.swift */,
				040E292647135B06E48E63E00BF5FEA2 /* URLRequest+Extensions.swift */,
			);
			path = Extensions;
			sourceTree = "<group>";
		};
		EFADCAB735CB90D300085D8D4C757480 /* DataModels */ = {
			isa = PBXGroup;
			children = (
				CCA50540956F4C4B814052935D566E2C /* News */,
			);
			path = DataModels;
			sourceTree = "<group>";
		};
		6B40EC2C425CD909B1AC625008599E4F /* ForgotPasswordPage */ = {
			isa = PBXGroup;
			children = (
				08CE8D25897B3460B3413F568A576B5B /* Page */,
				C01335D15D1E805C23ED3722A0EC23D9 /* ViewModel */,
			);
			path = ForgotPasswordPage;
			sourceTree = "<group>";
		};
/* End PBXGroup section */

/* Begin PBXNativeTarget section */
		4E83210C15853E5713C0919AD667D64E /* Evento */ = {
			isa = PBXNativeTarget;
			buildConfigurationList = C9A58E81153D7A312962B42B345E99D2 /* Build configuration list for PBXNativeTarget "Evento" */;
			buildPhases = (
				6C39733E12A4639564ABB7E756C56C90 /* [CP] Check Pods Manifest.lock */,
				278E7E773F3EA18EF63DE58B4890CFE9 /* Sources */,
				61D4F9419732F7A4D394489B1B369399 /* Frameworks */,
				E8DD0122586393988483567B758471FC /* Resources */,
				509E0C7D426AA833191BFAC83AEDB45F /* [CP] Embed Pods Frameworks */,
			);
			buildRules = (
			);
			dependencies = (
			);
			name = Evento;
			productName = Evento;
			productReference = 4A8168983B2EF8FAA6F8FDE86339234B /* Evento.app */;
			productType = "com.apple.product-type.application";
		};
		C683223B2909841BD86BA3375FF3BFFD /* EventoTests */ = {
			isa = PBXNativeTarget;
			buildConfigurationList = B15107B77CAFC06DC10D0B38796350C7 /* Build configuration list for PBXNativeTarget "EventoTests" */;
			buildPhases = (
				B78A8084B69D6B9939880C20B6D64D44 /* [CP] Check Pods Manifest.lock */,
				E0D22674E669D2E08774541AEFF608D6 /* Sources */,
				85C351D25D40FCCE5F1483BDE53C5FA4 /* Frameworks */,
				70F788AD3CE22C4AA6B850A4A1F1D2A6 /* Resources */,
			);
			buildRules = (
			);
			dependencies = (
				0295E1A4DC2FF4BF404956B4A9B700DC /* PBXTargetDependency */,
			);
			name = EventoTests;
			productName = EventoTests;
			productReference = 834EBEB5AABF1E03B1E8D5C14E3B44CE /* EventoTests.xctest */;
			productType = "com.apple.product-type.bundle.unit-test";
		};
		D455203BA82E2581578277EA9A83840F /* EventoUITests */ = {
			isa = PBXNativeTarget;
			buildConfigurationList = 52BF95032E1A42384F88C5F4219B2362 /* Build configuration list for PBXNativeTarget "EventoUITests" */;
			buildPhases = (
				499AFFDC15D22BEF955D817A2773544A /* [CP] Check Pods Manifest.lock */,
				7F66A0A16BA8FCE1532BF7230CD7F19B /* Sources */,
				42979B8974D6D65D57471999B8E798DC /* Frameworks */,
				EEDD62FA33116398D803AEF3321D0292 /* Resources */,
				18E54C938963E660398AAE54CC5BE2E5 /* [CP] Embed Pods Frameworks */,
			);
			buildRules = (
			);
			dependencies = (
				AC0AF287BE7A567A473E4B2A5612DA4F /* PBXTargetDependency */,
			);
			name = EventoUITests;
			productName = EventoUITests;
			productReference = 98FD8B31C5BE8E2AD3745296704D4F44 /* EventoUITests.xctest */;
			productType = "com.apple.product-type.bundle.ui-testing";
		};
/* End PBXNativeTarget section */

/* Begin PBXProject section */
		6A717E2FD991D3973F18A2101D4D2FFE /* Project object */ = {
			isa = PBXProject;
			attributes = {
				BuildIndependentTargetsInParallel = 1;
				LastSwiftUpdateCheck = 1400;
				LastUpgradeCheck = 1400;
				TargetAttributes = {
					4E83210C15853E5713C0919AD667D64E = {
						CreatedOnToolsVersion = 14.0;
					};
					C683223B2909841BD86BA3375FF3BFFD = {
						CreatedOnToolsVersion = 14.0;
						TestTargetID = 4E83210C15853E5713C0919AD667D64E;
					};
					D455203BA82E2581578277EA9A83840F = {
						CreatedOnToolsVersion = 14.0;
						TestTargetID = 4E83210C15853E5713C0919AD667D64E;
					};
				};
			};
			buildConfigurationList = 365525B6F7944D7D7A1B3CAF4313C72B /* Build configuration list for PBXProject "Evento" */;
			compatibilityVersion = "Xcode 14.0";
			developmentRegion = en;
			hasScannedForEncodings = 0;
			knownRegions = (
				en,
				Base,
			);
			mainGroup = D5CA8E1720964230F5F948C68D19CE8F;
			productRefGroup = 250348B5B230FC4942D98D18C9032169 /* Products */;
			projectDirPath = "";
			projectRoot = "";
			targets = (
				4E83210C15853E5713C0919AD667D64E /* Evento */,
				C683223B2909841BD86BA3375FF3BFFD /* EventoTests */,
				D455203BA82E2581578277EA9A83840F /* EventoUITests */,
			);
		};
/* End PBXProject section */

/* Begin PBXResourcesBuildPhase section */
		70F788AD3CE22C4AA6B850A4A1F1D2A6 /* Resources */ = {
			isa = PBXResourcesBuildPhase;
			buildActionMask = 2147483647;
			files = (
			);
			runOnlyForDeploymentPostprocessing = 0;
		};
		E8DD0122586393988483567B758471FC /* Resources */ = {
			isa = PBXResourcesBuildPhase;
			buildActionMask = 2147483647;
			files = (
				67D7AA9EBC55E32D9FD910466EF38A99 /* Assets.xcassets in Resources */,
				F2CA3DC965CDA4BDF9C220F0EF1FE8CA /* LaunchScreen.storyboard in Resources */,
				86F3538F6CD3F11D6C788446C7C9084B /* Main.storyboard in Resources */,
				FAD88A7881A89A0897910D4C6695E9ED /* Montserrat-Bold.otf in Resources */,
				BE8AAAF6B3FDD304D41CD2D26D7F183A /* Montserrat-Medium.otf in Resources */,
				2D2BB89B1B4406A987A145AC0213CA58 /* Montserrat-Regular.otf in Resources */,
				36E85A000AB97F11BD697FF3561E312A /* Montserrat-SemiBold.otf in Resources */,
				E113301EB2BA34F243FFD8C32C754ACD /* Montserrat-Thin.otf in Resources */,
			);
			runOnlyForDeploymentPostprocessing = 0;
		};
		EEDD62FA33116398D803AEF3321D0292 /* Resources */ = {
			isa = PBXResourcesBuildPhase;
			buildActionMask = 2147483647;
			files = (
			);
			runOnlyForDeploymentPostprocessing = 0;
		};
/* End PBXResourcesBuildPhase section */

/* Begin PBXShellScriptBuildPhase section */
		6C39733E12A4639564ABB7E756C56C90 /* [CP] Check Pods Manifest.lock */ = {
			isa = PBXShellScriptBuildPhase;
			buildActionMask = 2147483647;
			files = (
			);
			inputFileListPaths = (
			);
			inputPaths = (
				"${PODS_PODFILE_DIR_PATH}/Podfile.lock",
				"${PODS_ROOT}/Manifest.lock",
			);
			name = "[CP] Check Pods Manifest.lock";
			outputFileListPaths = (
			);
			outputPaths = (
				"$(DERIVED_FILE_DIR)/Pods-Evento-checkManifestLockResult.txt",
			);
			runOnlyForDeploymentPostprocessing = 0;
			shellPath = /bin/sh;
			shellScript = "diff \"${PODS_PODFILE_DIR_PATH}/Podfile.lock\" \"${PODS_ROOT}/Manifest.lock\" > /dev/null\nif [ $? != 0 ] ; then\n    # print error to STDERR\n    echo \"error: The sandbox is not in sync with the Podfile.lock. Run 'pod install' or update your CocoaPods installation.\" >&2\n    exit 1\nfi\n# This output is used by Xcode 'outputs' to avoid re-running this script phase.\necho \"SUCCESS\" > \"${SCRIPT_OUTPUT_FILE_0}\"\n";
			showEnvVarsInLog = 0;
		};
		B78A8084B69D6B9939880C20B6D64D44 /* [CP] Check Pods Manifest.lock */ = {
			isa = PBXShellScriptBuildPhase;
			buildActionMask = 2147483647;
			files = (
			);
			inputFileListPaths = (
			);
			inputPaths = (
				"${PODS_PODFILE_DIR_PATH}/Podfile.lock",
				"${PODS_ROOT}/Manifest.lock",
			);
			name = "[CP] Check Pods Manifest.lock";
			outputFileListPaths = (
			);
			outputPaths = (
				"$(DERIVED_FILE_DIR)/Pods-EventoTests-checkManifestLockResult.txt",
			);
			runOnlyForDeploymentPostprocessing = 0;
			shellPath = /bin/sh;
			shellScript = "diff \"${PODS_PODFILE_DIR_PATH}/Podfile.lock\" \"${PODS_ROOT}/Manifest.lock\" > /dev/null\nif [ $? != 0 ] ; then\n    # print error to STDERR\n    echo \"error: The sandbox is not in sync with the Podfile.lock. Run 'pod install' or update your CocoaPods installation.\" >&2\n    exit 1\nfi\n# This output is used by Xcode 'outputs' to avoid re-running this script phase.\necho \"SUCCESS\" > \"${SCRIPT_OUTPUT_FILE_0}\"\n";
			showEnvVarsInLog = 0;
		};
		499AFFDC15D22BEF955D817A2773544A /* [CP] Check Pods Manifest.lock */ = {
			isa = PBXShellScriptBuildPhase;
			buildActionMask = 2147483647;
			files = (
			);
			inputFileListPaths = (
			);
			inputPaths = (
				"${PODS_PODFILE_DIR_PATH}/Podfile.lock",
				"${PODS_ROOT}/Manifest.lock",
			);
			name = "[CP] Check Pods Manifest.lock";
			outputFileListPaths = (
			);
			outputPaths = (
				"$(DERIVED_FILE_DIR)/Pods-Evento-EventoUITests-checkManifestLockResult.txt",
			);
			runOnlyForDeploymentPostprocessing = 0;
			shellPath = /bin/sh;
			shellScript = "diff \"${PODS_PODFILE_DIR_PATH}/Podfile.lock\" \"${PODS_ROOT}/Manifest.lock\" > /dev/null\nif [ $? != 0 ] ; then\n    # print error to STDERR\n    echo \"error: The sandbox is not in sync with the Podfile.lock. Run 'pod install' or update your CocoaPods installation.\" >&2\n    exit 1\nfi\n# This output is used by Xcode 'outputs' to avoid re-running this script phase.\necho \"SUCCESS\" > \"${SCRIPT_OUTPUT_FILE_0}\"\n";
			showEnvVarsInLog = 0;
		};
		18E54C938963E660398AAE54CC5BE2E5 /* [CP] Embed Pods Frameworks */ = {
			isa = PBXShellScriptBuildPhase;
			buildActionMask = 2147483647;
			files = (
			);
			inputFileListPaths = (
				"${PODS_ROOT}/Target Support Files/Pods-Evento-EventoUITests/Pods-Evento-EventoUITests-frameworks-${CONFIGURATION}-input-files.xcfilelist",
			);
			name = "[CP] Embed Pods Frameworks";
			outputFileListPaths = (
				"${PODS_ROOT}/Target Support Files/Pods-Evento-EventoUITests/Pods-Evento-EventoUITests-frameworks-${CONFIGURATION}-output-files.xcfilelist",
			);
			runOnlyForDeploymentPostprocessing = 0;
			shellPath = /bin/sh;
			shellScript = "\"${PODS_ROOT}/Target Support Files/Pods-Evento-EventoUITests/Pods-Evento-EventoUITests-frameworks.sh\"\n";
			showEnvVarsInLog = 0;
		};
		509E0C7D426AA833191BFAC83AEDB45F /* [CP] Embed Pods Frameworks */ = {
			isa = PBXShellScriptBuildPhase;
			buildActionMask = 2147483647;
			files = (
			);
			inputFileListPaths = (
				"${PODS_ROOT}/Target Support Files/Pods-Evento/Pods-Evento-frameworks-${CONFIGURATION}-input-files.xcfilelist",
			);
			name = "[CP] Embed Pods Frameworks";
			outputFileListPaths = (
				"${PODS_ROOT}/Target Support Files/Pods-Evento/Pods-Evento-frameworks-${CONFIGURATION}-output-files.xcfilelist",
			);
			runOnlyForDeploymentPostprocessing = 0;
			shellPath = /bin/sh;
			shellScript = "\"${PODS_ROOT}/Target Support Files/Pods-Evento/Pods-Evento-frameworks.sh\"\n";
			showEnvVarsInLog = 0;
		};
/* End PBXShellScriptBuildPhase section */

/* Begin PBXSourcesBuildPhase section */
		278E7E773F3EA18EF63DE58B4890CFE9 /* Sources */ = {
			isa = PBXSourcesBuildPhase;
			buildActionMask = 2147483647;
			files = (
				3EA5B5BE46E973493FA5237495679D25 /* AddModuleCoordinator.swift in Sources */,
				5BBFA407ED708BDE0AFA4F135B686E83 /* AppCoordinator.swift in Sources */,
				0CB1001DE7DCA0DC18971226EAFBC2E3 /* AppDelegate.swift in Sources */,
				8D27956DE7C31D7E8D9F4DB0680FE5A0 /* Application.swift in Sources */,
				8562A858FD9168751F8526FC3AF5B6FD /* ArticlePage.swift in Sources */,
				310ED455BF5654B6060F9AF88519900D /* ArticleView.swift in Sources */,
				1BF1D31960FBE4BE46BC5358CE786F30 /* BaseCoordinator.swift in Sources */,
				185E393CC5A1F4CBC739DC9CCACCD00E /* BaseNavigationController.swift in Sources */,
				D28516F9BB632DAF2F7B7892C70031EC /* BaseProviderType.swift in Sources */,
				3D42FC58F3790ACC52246C2B49ABF570 /* ButtonView.swift in Sources */,
				4E8BBF1126CC252A0BE2B0A4652FEAB2 /* ChatModuleCoordinator.swift in Sources */,
				20A279D1192903056A9EC1470A788EA4 /* CustColor.swift in Sources */,
				F58BD6CB3F62DFAA8B76BBCE20A3E72C /* CustInject.swift in Sources */,
				46C9FB4F1414FEECDECB107A4E79A5B0 /* CustInjection.swift in Sources */,
				3AABB2DC98CBD6EA0A7F171CDDA60A5F /* CustLinearGradient.swift in Sources */,
				43C3B144CAC47677E4D4CA30A8790539 /* CustText.swift in Sources */,
				84D38FFDAFC4DEF4362C35D759946D94 /* EmailView.swift in Sources */,
				B9995CF27D8A049BB58E351E63B1CD12 /* EndLinkText.swift in Sources */,
				BEDFAFA31C436904FB23FD39AEA7FABF /* EventsHostingController.swift in Sources */,
				9517411725F7356E66FAD430A5C4876A /* EventsModuleCoordinator.swift in Sources */,
				024E508F998E6172AC0440CBA454E9AC /* EventsPage.swift in Sources */,
				59CA8E6D9D38C77F9788AE903B45859D /* FavoritesModuleCoordinator.swift in Sources */,
				71A2B3381ADD760A37D5592D2FC0C828 /* ForgotPasswordPage.swift in Sources */,
				3A771B97825168E60B32E216229998F9 /* ForgotPasswordViewModel.swift in Sources */,
				788A704B4975EA87E0BCD5ABF7045EDB /* HTTPMethod.swift in Sources */,
				ABCB3F1AB771603E69ADD954DEABDC65 /* Images.swift in Sources */,
				2BAEBCBF809C35FC9F100CDA9E9BF1F4 /* MainTabBarController.swift in Sources */,
				74C5B0B35B6FE2CABE98951E55DD8050 /* MainTabBarCoordinator.swift in Sources */,
				65DF252F2F376150B8DA3A58D50B139A /* MontserratFont.swift in Sources */,
				7769F66D079D473FF0C0B2C0F305E4B2 /* NetworkError.swift in Sources */,
				39932778270BDCEAE93F585D394CD528 /* NewsApiManager.swift in Sources */,
				19ED0A8E8FA548238545E1B45A786E5A /* NewsPage.swift in Sources */,
				97C7B98D2EE4D65F7DB652FDC8F23225 /* NewsPageViewModel.swift in Sources */,
				F1228887AE0FB7F32950FBFB9BA09A12 /* NewsTarget.swift in Sources */,
				01E37350136049AC35A5A9CF2B2A6C0F /* OnboardingCoordinator.swift in Sources */,
				EF39980131F1B0C63B3C61EF911710D3 /* PageSubtitleView.swift in Sources */,
				3B421B51AC5B288AE6B23ED0D2EA9870 /* PasswordResetPage.swift in Sources */,
				82C36C0D4BDFFE011DE55BE2F77645CC /* PasswordResetViewModel.swift in Sources */,
				BCD14BD4441C43D2914C2D7F2325694C /* PasswordView.swift in Sources */,
				A88E0BF0664F5ED6F850A477C7C39E19 /* ProfileModuleCoordinator.swift in Sources */,
				612AEB1994ABD9E4FB61490319232435 /* RegistrationPage.swift in Sources */,
				1066FEA5B76BB10E2F3FFF86340E8C47 /* Router.swift in Sources */,
				050EAB8E41E8B1F2C7BEE05BB70E91B4 /* SceneDelegate.swift in Sources */,
				935B7720184FBC425CFD25CD0DDB8711 /* SearchNewsResponseModel.swift in Sources */,
				482090C0CBFF217B69E0D6124A3CE904 /* SignInPage.swift in Sources */,
				2819515E08A0452E2BF17F7E4B29DCF4 /* SignInViewModel.swift in Sources */,
				CDE0126A266C629554D93147210C82F9 /* TitleInputTextView.swift in Sources */,
				23CBB11DD8E17E00E0A2562E7C49853F /* Typealiases.swift in Sources */,
				CC78BB92F62D5818D89E6FD5563776CB /* UIWindow+Extensions.swift in Sources */,
				8CEF37576F9C1C4E8B9CEEBB364BC6C8 /* URLRequest+Extensions.swift in Sources */,
				25C2DBF1A5BF02A2A892A96937A968C0 /* UnderlinedTextView.swift in Sources */,
				53B296F402B7BC7B91468950A89F1094 /* ViewController.swift in Sources */,
				B4DB0B4A889D3D57F4ED42209A4378AF /* WebService.swift in Sources */,
			);
			runOnlyForDeploymentPostprocessing = 0;
		};
		7F66A0A16BA8FCE1532BF7230CD7F19B /* Sources */ = {
			isa = PBXSourcesBuildPhase;
			buildActionMask = 2147483647;
			files = (
				2FDC3CDE507F497A5C359F5F51826A8B /* EventoUITests.swift in Sources */,
				C493C12BC38D933CE9040CB515A21549 /* EventoUITestsLaunchTests.swift in Sources */,
			);
			runOnlyForDeploymentPostprocessing = 0;
		};
		E0D22674E669D2E08774541AEFF608D6 /* Sources */ = {
			isa = PBXSourcesBuildPhase;
			buildActionMask = 2147483647;
			files = (
				D6F761230B7623EC740D148F8BDC5837 /* EventoTests.swift in Sources */,
			);
			runOnlyForDeploymentPostprocessing = 0;
		};
/* End PBXSourcesBuildPhase section */

/* Begin PBXTargetDependency section */
		0295E1A4DC2FF4BF404956B4A9B700DC /* PBXTargetDependency */ = {
			isa = PBXTargetDependency;
			target = 4E83210C15853E5713C0919AD667D64E /* Evento */;
			targetProxy = 44CF2AF393B3B5A3ADC72256B2F2A6E8 /* PBXContainerItemProxy */;
		};
		AC0AF287BE7A567A473E4B2A5612DA4F /* PBXTargetDependency */ = {
			isa = PBXTargetDependency;
			target = 4E83210C15853E5713C0919AD667D64E /* Evento */;
			targetProxy = 663CE1AA19BE8A61688C9BE68BC08E09 /* PBXContainerItemProxy */;
		};
/* End PBXTargetDependency section */

/* Begin PBXVariantGroup section */
		009A2F8FA810F43B1D4727F18AC10D8F /* LaunchScreen.storyboard */ = {
			isa = PBXVariantGroup;
			children = (
				28F329E3BD46B990E40A88D9ED781E64 /* Base */,
			);
			name = LaunchScreen.storyboard;
			sourceTree = "<group>";
		};
		B07ECBC9800DA7B801234791C95703B9 /* Main.storyboard */ = {
			isa = PBXVariantGroup;
			children = (
				49B2BEC1DA0507091A0D18E98131C0D2 /* Base */,
			);
			name = Main.storyboard;
			sourceTree = "<group>";
		};
/* End PBXVariantGroup section */

/* Begin XCBuildConfiguration section */
		06DD19F6F816ED6F04658D99F9B1D76F /* Debug */ = {
			isa = XCBuildConfiguration;
			baseConfigurationReference = FBEEEFFE413688EC2AE98FF94841ED07 /* Pods-Evento.debug.xcconfig */;
			buildSettings = {
				ASSETCATALOG_COMPILER_APPICON_NAME = AppIcon;
				ASSETCATALOG_COMPILER_GLOBAL_ACCENT_COLOR_NAME = AccentColor;
				CODE_SIGN_STYLE = Automatic;
				CURRENT_PROJECT_VERSION = 1;
				DEVELOPMENT_TEAM = Y667NPXR55;
				GENERATE_INFOPLIST_FILE = YES;
				INFOPLIST_FILE = Evento/Info.plist;
				INFOPLIST_KEY_UIApplicationSupportsIndirectInputEvents = YES;
				INFOPLIST_KEY_UILaunchStoryboardName = LaunchScreen;
				INFOPLIST_KEY_UIMainStoryboardFile = Main;
				INFOPLIST_KEY_UISupportedInterfaceOrientations_iPad = "UIInterfaceOrientationPortrait UIInterfaceOrientationPortraitUpsideDown UIInterfaceOrientationLandscapeLeft UIInterfaceOrientationLandscapeRight";
				INFOPLIST_KEY_UISupportedInterfaceOrientations_iPhone = "UIInterfaceOrientationPortrait UIInterfaceOrientationLandscapeLeft UIInterfaceOrientationLandscapeRight";
				IPHONEOS_DEPLOYMENT_TARGET = 15.0;
				LD_RUNPATH_SEARCH_PATHS = (
					"$(inherited)",
					"@executable_path/Frameworks",
				);
				MARKETING_VERSION = 1.0;
				PRODUCT_BUNDLE_IDENTIFIER = ramir.Evento;
				PRODUCT_NAME = "$(TARGET_NAME)";
				SWIFT_EMIT_LOC_STRINGS = YES;
				SWIFT_VERSION = 5.0;
				TARGETED_DEVICE_FAMILY = "1,2";
			};
			name = Debug;
		};
		0943FFEEAE80DE6512A6EAE51CCDA9E0 /* Release */ = {
			isa = XCBuildConfiguration;
			baseConfigurationReference = B3AC05A450A79A72EB1704703D827397 /* Pods-Evento.release.xcconfig */;
			buildSettings = {
				ASSETCATALOG_COMPILER_APPICON_NAME = AppIcon;
				ASSETCATALOG_COMPILER_GLOBAL_ACCENT_COLOR_NAME = AccentColor;
				CODE_SIGN_STYLE = Automatic;
				CURRENT_PROJECT_VERSION = 1;
				DEVELOPMENT_TEAM = Y667NPXR55;
				GENERATE_INFOPLIST_FILE = YES;
				INFOPLIST_FILE = Evento/Info.plist;
				INFOPLIST_KEY_UIApplicationSupportsIndirectInputEvents = YES;
				INFOPLIST_KEY_UILaunchStoryboardName = LaunchScreen;
				INFOPLIST_KEY_UIMainStoryboardFile = Main;
				INFOPLIST_KEY_UISupportedInterfaceOrientations_iPad = "UIInterfaceOrientationPortrait UIInterfaceOrientationPortraitUpsideDown UIInterfaceOrientationLandscapeLeft UIInterfaceOrientationLandscapeRight";
				INFOPLIST_KEY_UISupportedInterfaceOrientations_iPhone = "UIInterfaceOrientationPortrait UIInterfaceOrientationLandscapeLeft UIInterfaceOrientationLandscapeRight";
				IPHONEOS_DEPLOYMENT_TARGET = 15.0;
				LD_RUNPATH_SEARCH_PATHS = (
					"$(inherited)",
					"@executable_path/Frameworks",
				);
				MARKETING_VERSION = 1.0;
				PRODUCT_BUNDLE_IDENTIFIER = ramir.Evento;
				PRODUCT_NAME = "$(TARGET_NAME)";
				SWIFT_EMIT_LOC_STRINGS = YES;
				SWIFT_VERSION = 5.0;
				TARGETED_DEVICE_FAMILY = "1,2";
			};
			name = Release;
		};
		3335547E96F6D0A98D9C5163B21AC58C /* Debug */ = {
			isa = XCBuildConfiguration;
			baseConfigurationReference = 9D2930EAC1670472BC160019ADE9581F /* Pods-EventoTests.debug.xcconfig */;
			buildSettings = {
				ALWAYS_EMBED_SWIFT_STANDARD_LIBRARIES = YES;
				BUNDLE_LOADER = "$(TEST_HOST)";
				CODE_SIGN_STYLE = Automatic;
				CURRENT_PROJECT_VERSION = 1;
				DEVELOPMENT_TEAM = Y667NPXR55;
				GENERATE_INFOPLIST_FILE = YES;
				IPHONEOS_DEPLOYMENT_TARGET = 16.0;
				MARKETING_VERSION = 1.0;
				PRODUCT_BUNDLE_IDENTIFIER = ramir.EventoTests;
				PRODUCT_NAME = "$(TARGET_NAME)";
				SWIFT_EMIT_LOC_STRINGS = NO;
				SWIFT_VERSION = 5.0;
				TARGETED_DEVICE_FAMILY = "1,2";
				TEST_HOST = "$(BUILT_PRODUCTS_DIR)/Evento.app/$(BUNDLE_EXECUTABLE_FOLDER_PATH)/Evento";
			};
			name = Debug;
		};
		9801360CECA63C700BB5ED2D58E0CDB5 /* Release */ = {
			isa = XCBuildConfiguration;
			baseConfigurationReference = FC2DD77D5604967609661A64CEB76878 /* Pods-Evento-EventoUITests.release.xcconfig */;
			buildSettings = {
				ALWAYS_EMBED_SWIFT_STANDARD_LIBRARIES = YES;
				CODE_SIGN_STYLE = Automatic;
				CURRENT_PROJECT_VERSION = 1;
				DEVELOPMENT_TEAM = Y667NPXR55;
				GENERATE_INFOPLIST_FILE = YES;
				MARKETING_VERSION = 1.0;
				PRODUCT_BUNDLE_IDENTIFIER = ramir.EventoUITests;
				PRODUCT_NAME = "$(TARGET_NAME)";
				SWIFT_EMIT_LOC_STRINGS = NO;
				SWIFT_VERSION = 5.0;
				TARGETED_DEVICE_FAMILY = "1,2";
				TEST_TARGET_NAME = Evento;
			};
			name = Release;
		};
		9F99862B8482E2E179ADE47D451A04E2 /* Debug */ = {
			isa = XCBuildConfiguration;
			baseConfigurationReference = 40E30A83F55F1D5F3FD3D022DFCD429C /* Pods-Evento-EventoUITests.debug.xcconfig */;
			buildSettings = {
				ALWAYS_EMBED_SWIFT_STANDARD_LIBRARIES = YES;
				CODE_SIGN_STYLE = Automatic;
				CURRENT_PROJECT_VERSION = 1;
				DEVELOPMENT_TEAM = Y667NPXR55;
				GENERATE_INFOPLIST_FILE = YES;
				MARKETING_VERSION = 1.0;
				PRODUCT_BUNDLE_IDENTIFIER = ramir.EventoUITests;
				PRODUCT_NAME = "$(TARGET_NAME)";
				SWIFT_EMIT_LOC_STRINGS = NO;
				SWIFT_VERSION = 5.0;
				TARGETED_DEVICE_FAMILY = "1,2";
				TEST_TARGET_NAME = Evento;
			};
			name = Debug;
		};
		BB895910F3D39943E712EB302C31E18C /* Release */ = {
			isa = XCBuildConfiguration;
			buildSettings = {
				ALWAYS_SEARCH_USER_PATHS = NO;
				CLANG_ANALYZER_NONNULL = YES;
				CLANG_ANALYZER_NUMBER_OBJECT_CONVERSION = YES_AGGRESSIVE;
				CLANG_CXX_LANGUAGE_STANDARD = "gnu++20";
				CLANG_ENABLE_MODULES = YES;
				CLANG_ENABLE_OBJC_ARC = YES;
				CLANG_ENABLE_OBJC_WEAK = YES;
				CLANG_WARN_BLOCK_CAPTURE_AUTORELEASING = YES;
				CLANG_WARN_BOOL_CONVERSION = YES;
				CLANG_WARN_COMMA = YES;
				CLANG_WARN_CONSTANT_CONVERSION = YES;
				CLANG_WARN_DEPRECATED_OBJC_IMPLEMENTATIONS = YES;
				CLANG_WARN_DIRECT_OBJC_ISA_USAGE = YES_ERROR;
				CLANG_WARN_DOCUMENTATION_COMMENTS = YES;
				CLANG_WARN_EMPTY_BODY = YES;
				CLANG_WARN_ENUM_CONVERSION = YES;
				CLANG_WARN_INFINITE_RECURSION = YES;
				CLANG_WARN_INT_CONVERSION = YES;
				CLANG_WARN_NON_LITERAL_NULL_CONVERSION = YES;
				CLANG_WARN_OBJC_IMPLICIT_RETAIN_SELF = YES;
				CLANG_WARN_OBJC_LITERAL_CONVERSION = YES;
				CLANG_WARN_OBJC_ROOT_CLASS = YES_ERROR;
				CLANG_WARN_QUOTED_INCLUDE_IN_FRAMEWORK_HEADER = YES;
				CLANG_WARN_RANGE_LOOP_ANALYSIS = YES;
				CLANG_WARN_STRICT_PROTOTYPES = YES;
				CLANG_WARN_SUSPICIOUS_MOVE = YES;
				CLANG_WARN_UNGUARDED_AVAILABILITY = YES_AGGRESSIVE;
				CLANG_WARN_UNREACHABLE_CODE = YES;
				CLANG_WARN__DUPLICATE_METHOD_MATCH = YES;
				COPY_PHASE_STRIP = NO;
				DEBUG_INFORMATION_FORMAT = "dwarf-with-dsym";
				ENABLE_NS_ASSERTIONS = NO;
				ENABLE_STRICT_OBJC_MSGSEND = YES;
				GCC_C_LANGUAGE_STANDARD = gnu11;
				GCC_NO_COMMON_BLOCKS = YES;
				GCC_WARN_64_TO_32_BIT_CONVERSION = YES;
				GCC_WARN_ABOUT_RETURN_TYPE = YES_ERROR;
				GCC_WARN_UNDECLARED_SELECTOR = YES;
				GCC_WARN_UNINITIALIZED_AUTOS = YES_AGGRESSIVE;
				GCC_WARN_UNUSED_FUNCTION = YES;
				GCC_WARN_UNUSED_VARIABLE = YES;
				IPHONEOS_DEPLOYMENT_TARGET = 16.0;
				MTL_ENABLE_DEBUG_INFO = NO;
				MTL_FAST_MATH = YES;
				SDKROOT = iphoneos;
				SWIFT_COMPILATION_MODE = wholemodule;
				SWIFT_OPTIMIZATION_LEVEL = "-O";
				VALIDATE_PRODUCT = YES;
			};
			name = Release;
		};
		BC5467D6FF51A066A16F4DF4FCC2655C /* Debug */ = {
			isa = XCBuildConfiguration;
			buildSettings = {
				ALWAYS_SEARCH_USER_PATHS = NO;
				CLANG_ANALYZER_NONNULL = YES;
				CLANG_ANALYZER_NUMBER_OBJECT_CONVERSION = YES_AGGRESSIVE;
				CLANG_CXX_LANGUAGE_STANDARD = "gnu++20";
				CLANG_ENABLE_MODULES = YES;
				CLANG_ENABLE_OBJC_ARC = YES;
				CLANG_ENABLE_OBJC_WEAK = YES;
				CLANG_WARN_BLOCK_CAPTURE_AUTORELEASING = YES;
				CLANG_WARN_BOOL_CONVERSION = YES;
				CLANG_WARN_COMMA = YES;
				CLANG_WARN_CONSTANT_CONVERSION = YES;
				CLANG_WARN_DEPRECATED_OBJC_IMPLEMENTATIONS = YES;
				CLANG_WARN_DIRECT_OBJC_ISA_USAGE = YES_ERROR;
				CLANG_WARN_DOCUMENTATION_COMMENTS = YES;
				CLANG_WARN_EMPTY_BODY = YES;
				CLANG_WARN_ENUM_CONVERSION = YES;
				CLANG_WARN_INFINITE_RECURSION = YES;
				CLANG_WARN_INT_CONVERSION = YES;
				CLANG_WARN_NON_LITERAL_NULL_CONVERSION = YES;
				CLANG_WARN_OBJC_IMPLICIT_RETAIN_SELF = YES;
				CLANG_WARN_OBJC_LITERAL_CONVERSION = YES;
				CLANG_WARN_OBJC_ROOT_CLASS = YES_ERROR;
				CLANG_WARN_QUOTED_INCLUDE_IN_FRAMEWORK_HEADER = YES;
				CLANG_WARN_RANGE_LOOP_ANALYSIS = YES;
				CLANG_WARN_STRICT_PROTOTYPES = YES;
				CLANG_WARN_SUSPICIOUS_MOVE = YES;
				CLANG_WARN_UNGUARDED_AVAILABILITY = YES_AGGRESSIVE;
				CLANG_WARN_UNREACHABLE_CODE = YES;
				CLANG_WARN__DUPLICATE_METHOD_MATCH = YES;
				COPY_PHASE_STRIP = NO;
				DEBUG_INFORMATION_FORMAT = dwarf;
				ENABLE_STRICT_OBJC_MSGSEND = YES;
				ENABLE_TESTABILITY = YES;
				GCC_C_LANGUAGE_STANDARD = gnu11;
				GCC_DYNAMIC_NO_PIC = NO;
				GCC_NO_COMMON_BLOCKS = YES;
				GCC_OPTIMIZATION_LEVEL = 0;
				GCC_PREPROCESSOR_DEFINITIONS = (
					"DEBUG=1",
					"$(inherited)",
				);
				GCC_WARN_64_TO_32_BIT_CONVERSION = YES;
				GCC_WARN_ABOUT_RETURN_TYPE = YES_ERROR;
				GCC_WARN_UNDECLARED_SELECTOR = YES;
				GCC_WARN_UNINITIALIZED_AUTOS = YES_AGGRESSIVE;
				GCC_WARN_UNUSED_FUNCTION = YES;
				GCC_WARN_UNUSED_VARIABLE = YES;
				IPHONEOS_DEPLOYMENT_TARGET = 16.0;
				MTL_ENABLE_DEBUG_INFO = INCLUDE_SOURCE;
				MTL_FAST_MATH = YES;
				ONLY_ACTIVE_ARCH = YES;
				SDKROOT = iphoneos;
				SWIFT_ACTIVE_COMPILATION_CONDITIONS = DEBUG;
				SWIFT_OPTIMIZATION_LEVEL = "-Onone";
			};
			name = Debug;
		};
		BCD7E4A6957BC8E6BDF1596483D9AA48 /* Release */ = {
			isa = XCBuildConfiguration;
			baseConfigurationReference = E0E4A7F99CC82425CF4BA9E7DE6E2AB3 /* Pods-EventoTests.release.xcconfig */;
			buildSettings = {
				ALWAYS_EMBED_SWIFT_STANDARD_LIBRARIES = YES;
				BUNDLE_LOADER = "$(TEST_HOST)";
				CODE_SIGN_STYLE = Automatic;
				CURRENT_PROJECT_VERSION = 1;
				DEVELOPMENT_TEAM = Y667NPXR55;
				GENERATE_INFOPLIST_FILE = YES;
				IPHONEOS_DEPLOYMENT_TARGET = 16.0;
				MARKETING_VERSION = 1.0;
				PRODUCT_BUNDLE_IDENTIFIER = ramir.EventoTests;
				PRODUCT_NAME = "$(TARGET_NAME)";
				SWIFT_EMIT_LOC_STRINGS = NO;
				SWIFT_VERSION = 5.0;
				TARGETED_DEVICE_FAMILY = "1,2";
				TEST_HOST = "$(BUILT_PRODUCTS_DIR)/Evento.app/$(BUNDLE_EXECUTABLE_FOLDER_PATH)/Evento";
			};
			name = Release;
		};
/* End XCBuildConfiguration section */

/* Begin XCConfigurationList section */
		365525B6F7944D7D7A1B3CAF4313C72B /* Build configuration list for PBXProject "Evento" */ = {
			isa = XCConfigurationList;
			buildConfigurations = (
				BC5467D6FF51A066A16F4DF4FCC2655C /* Debug */,
				BB895910F3D39943E712EB302C31E18C /* Release */,
			);
			defaultConfigurationIsVisible = 0;
			defaultConfigurationName = Release;
		};
		52BF95032E1A42384F88C5F4219B2362 /* Build configuration list for PBXNativeTarget "EventoUITests" */ = {
			isa = XCConfigurationList;
			buildConfigurations = (
				9F99862B8482E2E179ADE47D451A04E2 /* Debug */,
				9801360CECA63C700BB5ED2D58E0CDB5 /* Release */,
			);
			defaultConfigurationIsVisible = 0;
			defaultConfigurationName = Release;
		};
		B15107B77CAFC06DC10D0B38796350C7 /* Build configuration list for PBXNativeTarget "EventoTests" */ = {
			isa = XCConfigurationList;
			buildConfigurations = (
				3335547E96F6D0A98D9C5163B21AC58C /* Debug */,
				BCD7E4A6957BC8E6BDF1596483D9AA48 /* Release */,
			);
			defaultConfigurationIsVisible = 0;
			defaultConfigurationName = Release;
		};
		C9A58E81153D7A312962B42B345E99D2 /* Build configuration list for PBXNativeTarget "Evento" */ = {
			isa = XCConfigurationList;
			buildConfigurations = (
				06DD19F6F816ED6F04658D99F9B1D76F /* Debug */,
				0943FFEEAE80DE6512A6EAE51CCDA9E0 /* Release */,
			);
			defaultConfigurationIsVisible = 0;
			defaultConfigurationName = Release;
		};
/* End XCConfigurationList section */
	};
	rootObject = 6A717E2FD991D3973F18A2101D4D2FFE /* Project object */;
}
